
Microsoft Visual Studio Solution File, Format Version 12.00
# Visual Studio Version 17
VisualStudioVersion = 17.2.32616.157
MinimumVisualStudioVersion = 10.0.40219.1
Project("{FAE04EC0-301F-11D3-BF4B-00C04F79EFBC}") = "Calculardoraform", "Calculardoraform\Calculardoraform.csproj", "{F9BE49B0-E9BE-4615-B954-75D694607D7A}"
EndProject
Project("{FAE04EC0-301F-11D3-BF4B-00C04F79EFBC}") = "PersistenciaCalc", "PersistenciaCalc\PersistenciaCalc.csproj", "{B82289BD-7CCC-41DF-B278-6D182F763ABF}"
EndProject
Global
	GlobalSection(SolutionConfigurationPlatforms) = preSolution
		Debug|Any CPU = Debug|Any CPU
		Release|Any CPU = Release|Any CPU
	EndGlobalSection
	GlobalSection(ProjectConfigurationPlatforms) = postSolution
		{F9BE49B0-E9BE-4615-B954-75D694607D7A}.Debug|Any CPU.ActiveCfg = Debug|Any CPU
		{F9BE49B0-E9BE-4615-B954-75D694607D7A}.Debug|Any CPU.Build.0 = Debug|Any CPU
		{F9BE49B0-E9BE-4615-B954-75D694607D7A}.Release|Any CPU.ActiveCfg = Release|Any CPU
		{F9BE49B0-E9BE-4615-B954-75D694607D7A}.Release|Any CPU.Build.0 = Release|Any CPU
		{B82289BD-7CCC-41DF-B278-6D182F763ABF}.Debug|Any CPU.ActiveCfg = Debug|Any CPU
		{B82289BD-7CCC-41DF-B278-6D182F763ABF}.Debug|Any CPU.Build.0 = Debug|Any CPU
		{B82289BD-7CCC-41DF-B278-6D182F763ABF}.Release|Any CPU.ActiveCfg = Release|Any CPU
		{B82289BD-7CCC-41DF-B278-6D182F763ABF}.Release|Any CPU.Build.0 = Release|Any CPU
	EndGlobalSection
	GlobalSection(SolutionProperties) = preSolution
		HideSolutionNode = FALSE
	EndGlobalSection
	GlobalSection(ExtensibilityGlobals) = postSolution
		SolutionGuid = {762E032B-6A22-4FC6-A4A4-29A799202E09}
	EndGlobalSection
EndGlobal
